
Microsoft Visual Studio Solution File, Format Version 11.00
# Visual Studio 2010
Project("{FAE04EC0-301F-11D3-BF4B-00C04F79EFBC}") = "Assembly-CSharp", "Assembly-CSharp.csproj", "{92de7d0b-025c-a0a1-a907-2787e6918869}"
EndProject
Project("{FAE04EC0-301F-11D3-BF4B-00C04F79EFBC}") = "Assembly-CSharp-Editor", "Assembly-CSharp-Editor.csproj", "{4c2dc911-d8d6-27c1-0fdd-d02f9c4ea14d}"
EndProject
Global
	GlobalSection(SolutionConfigurationPlatforms) = preSolution
		Debug|Any CPU = Debug|Any CPU
	EndGlobalSection
	GlobalSection(ProjectConfigurationPlatforms) = postSolution
		{92de7d0b-025c-a0a1-a907-2787e6918869}.Debug|Any CPU.ActiveCfg = Debug|Any CPU
		{92de7d0b-025c-a0a1-a907-2787e6918869}.Debug|Any CPU.Build.0 = Debug|Any CPU
		{4c2dc911-d8d6-27c1-0fdd-d02f9c4ea14d}.Debug|Any CPU.ActiveCfg = Debug|Any CPU
		{4c2dc911-d8d6-27c1-0fdd-d02f9c4ea14d}.Debug|Any CPU.Build.0 = Debug|Any CPU
	EndGlobalSection
	GlobalSection(SolutionProperties) = preSolution
		HideSolutionNode = FALSE
	EndGlobalSection
EndGlobal
